// !$*UTF8*$!
{
	archiveVersion = 1;
	classes = {
	};
	objectVersion = 48;
	objects = {

/* Begin PBXBuildFile section */
		569E3AE4205801DA00F4096C /* AppDelegate.m in Sources */ = {isa = PBXBuildFile; fileRef = 569E3AE3205801DA00F4096C /* AppDelegate.m */; };
		569E3AE7205801DA00F4096C /* ViewController.m in Sources */ = {isa = PBXBuildFile; fileRef = 569E3AE6205801DA00F4096C /* ViewController.m */; };
		569E3AEC205801DA00F4096C /* Assets.xcassets in Resources */ = {isa = PBXBuildFile; fileRef = 569E3AEB205801DA00F4096C /* Assets.xcassets */; };
		569E3AEF205801DA00F4096C /* LaunchScreen.storyboard in Resources */ = {isa = PBXBuildFile; fileRef = 569E3AED205801DA00F4096C /* LaunchScreen.storyboard */; };
		569E3AF2205801DA00F4096C /* main.m in Sources */ = {isa = PBXBuildFile; fileRef = 569E3AF1205801DA00F4096C /* main.m */; };
		569E3AFC205801DA00F4096C /* GLFoundationGuardianTests.m in Sources */ = {isa = PBXBuildFile; fileRef = 569E3AFB205801DA00F4096C /* GLFoundationGuardianTests.m */; };
		569E3B07205801DA00F4096C /* GLFoundationGuardianUITests.m in Sources */ = {isa = PBXBuildFile; fileRef = 569E3B06205801DA00F4096C /* GLFoundationGuardianUITests.m */; };
		569E3B4320590D3F00F4096C /* NSArray+GLFoundationGuardian.m in Sources */ = {isa = PBXBuildFile; fileRef = 569E3B3420590D3F00F4096C /* NSArray+GLFoundationGuardian.m */; };
		569E3B4420590D3F00F4096C /* NSMutableArray+GLFoundationGuardian.m in Sources */ = {isa = PBXBuildFile; fileRef = 569E3B3520590D3F00F4096C /* NSMutableArray+GLFoundationGuardian.m */; };
		569E3B4520590D3F00F4096C /* NSString+GLFoundationGuardian.m in Sources */ = {isa = PBXBuildFile; fileRef = 569E3B3620590D3F00F4096C /* NSString+GLFoundationGuardian.m */; };
		569E3B4620590D3F00F4096C /* NSDictionary+GLFoundationGuardian.m in Sources */ = {isa = PBXBuildFile; fileRef = 569E3B3720590D3F00F4096C /* NSDictionary+GLFoundationGuardian.m */; };
		569E3B4720590D3F00F4096C /* NSMutableDictionary+GLFoundationGuardian.m in Sources */ = {isa = PBXBuildFile; fileRef = 569E3B3820590D3F00F4096C /* NSMutableDictionary+GLFoundationGuardian.m */; };
		569E3B4820590D3F00F4096C /* NSObject+GLFoundationGuardian.m in Sources */ = {isa = PBXBuildFile; fileRef = 569E3B4120590D3F00F4096C /* NSObject+GLFoundationGuardian.m */; };
		569E3B4920590D3F00F4096C /* NSMutableString+GLFoundationGuardian.m in Sources */ = {isa = PBXBuildFile; fileRef = 569E3B4220590D3F00F4096C /* NSMutableString+GLFoundationGuardian.m */; };
/* End PBXBuildFile section */

/* Begin PBXContainerItemProxy section */
		569E3AF8205801DA00F4096C /* PBXContainerItemProxy */ = {
			isa = PBXContainerItemProxy;
			containerPortal = 569E3AD7205801D900F4096C /* Project object */;
			proxyType = 1;
			remoteGlobalIDString = 569E3ADE205801DA00F4096C;
			remoteInfo = GLFoundationGuardian;
		};
		569E3B03205801DA00F4096C /* PBXContainerItemProxy */ = {
			isa = PBXContainerItemProxy;
			containerPortal = 569E3AD7205801D900F4096C /* Project object */;
			proxyType = 1;
			remoteGlobalIDString = 569E3ADE205801DA00F4096C;
			remoteInfo = GLFoundationGuardian;
		};
/* End PBXContainerItemProxy section */

/* Begin PBXFileReference section */
		569E3ADF205801DA00F4096C /* GLFoundationGuardian.app */ = {isa = PBXFileReference; explicitFileType = wrapper.application; includeInIndex = 0; path = GLFoundationGuardian.app; sourceTree = BUILT_PRODUCTS_DIR; };
		569E3AE2205801DA00F4096C /* AppDelegate.h */ = {isa = PBXFileReference; lastKnownFileType = sourcecode.c.h; path = AppDelegate.h; sourceTree = "<group>"; };
		569E3AE3205801DA00F4096C /* AppDelegate.m */ = {isa = PBXFileReference; lastKnownFileType = sourcecode.c.objc; path = AppDelegate.m; sourceTree = "<group>"; };
		569E3AE5205801DA00F4096C /* ViewController.h */ = {isa = PBXFileReference; lastKnownFileType = sourcecode.c.h; path = ViewController.h; sourceTree = "<group>"; };
		569E3AE6205801DA00F4096C /* ViewController.m */ = {isa = PBXFileReference; lastKnownFileType = sourcecode.c.objc; path = ViewController.m; sourceTree = "<group>"; };
		569E3AEB205801DA00F4096C /* Assets.xcassets */ = {isa = PBXFileReference; lastKnownFileType = folder.assetcatalog; path = Assets.xcassets; sourceTree = "<group>"; };
		569E3AEE205801DA00F4096C /* Base */ = {isa = PBXFileReference; lastKnownFileType = file.storyboard; name = Base; path = Base.lproj/LaunchScreen.storyboard; sourceTree = "<group>"; };
		569E3AF0205801DA00F4096C /* Info.plist */ = {isa = PBXFileReference; lastKnownFileType = text.plist.xml; path = Info.plist; sourceTree = "<group>"; };
		569E3AF1205801DA00F4096C /* main.m */ = {isa = PBXFileReference; lastKnownFileType = sourcecode.c.objc; path = main.m; sourceTree = "<group>"; };
		569E3AF7205801DA00F4096C /* GLFoundationGuardianTests.xctest */ = {isa = PBXFileReference; explicitFileType = wrapper.cfbundle; includeInIndex = 0; path = GLFoundationGuardianTests.xctest; sourceTree = BUILT_PRODUCTS_DIR; };
		569E3AFB205801DA00F4096C /* GLFoundationGuardianTests.m */ = {isa = PBXFileReference; lastKnownFileType = sourcecode.c.objc; path = GLFoundationGuardianTests.m; sourceTree = "<group>"; };
		569E3AFD205801DA00F4096C /* Info.plist */ = {isa = PBXFileReference; lastKnownFileType = text.plist.xml; path = Info.plist; sourceTree = "<group>"; };
		569E3B02205801DA00F4096C /* GLFoundationGuardianUITests.xctest */ = {isa = PBXFileReference; explicitFileType = wrapper.cfbundle; includeInIndex = 0; path = GLFoundationGuardianUITests.xctest; sourceTree = BUILT_PRODUCTS_DIR; };
		569E3B06205801DA00F4096C /* GLFoundationGuardianUITests.m */ = {isa = PBXFileReference; lastKnownFileType = sourcecode.c.objc; path = GLFoundationGuardianUITests.m; sourceTree = "<group>"; };
		569E3B08205801DA00F4096C /* Info.plist */ = {isa = PBXFileReference; lastKnownFileType = text.plist.xml; path = Info.plist; sourceTree = "<group>"; };
		569E3B3420590D3F00F4096C /* NSArray+GLFoundationGuardian.m */ = {isa = PBXFileReference; fileEncoding = 4; lastKnownFileType = sourcecode.c.objc; path = "NSArray+GLFoundationGuardian.m"; sourceTree = "<group>"; };
		569E3B3520590D3F00F4096C /* NSMutableArray+GLFoundationGuardian.m */ = {isa = PBXFileReference; fileEncoding = 4; lastKnownFileType = sourcecode.c.objc; path = "NSMutableArray+GLFoundationGuardian.m"; sourceTree = "<group>"; };
		569E3B3620590D3F00F4096C /* NSString+GLFoundationGuardian.m */ = {isa = PBXFileReference; fileEncoding = 4; lastKnownFileType = sourcecode.c.objc; path = "NSString+GLFoundationGuardian.m"; sourceTree = "<group>"; };
		569E3B3720590D3F00F4096C /* NSDictionary+GLFoundationGuardian.m */ = {isa = PBXFileReference; fileEncoding = 4; lastKnownFileType = sourcecode.c.objc; path = "NSDictionary+GLFoundationGuardian.m"; sourceTree = "<group>"; };
		569E3B3820590D3F00F4096C /* NSMutableDictionary+GLFoundationGuardian.m */ = {isa = PBXFileReference; fileEncoding = 4; lastKnownFileType = sourcecode.c.objc; path = "NSMutableDictionary+GLFoundationGuardian.m"; sourceTree = "<group>"; };
		569E3B3920590D3F00F4096C /* NSObject+GLFoundationGuardian.h */ = {isa = PBXFileReference; fileEncoding = 4; lastKnownFileType = sourcecode.c.h; path = "NSObject+GLFoundationGuardian.h"; sourceTree = "<group>"; };
		569E3B3A20590D3F00F4096C /* NSMutableString+GLFoundationGuardian.h */ = {isa = PBXFileReference; fileEncoding = 4; lastKnownFileType = sourcecode.c.h; path = "NSMutableString+GLFoundationGuardian.h"; sourceTree = "<group>"; };
		569E3B3B20590D3F00F4096C /* NSDictionary+GLFoundationGuardian.h */ = {isa = PBXFileReference; fileEncoding = 4; lastKnownFileType = sourcecode.c.h; path = "NSDictionary+GLFoundationGuardian.h"; sourceTree = "<group>"; };
		569E3B3C20590D3F00F4096C /* NSMutableArray+GLFoundationGuardian.h */ = {isa = PBXFileReference; fileEncoding = 4; lastKnownFileType = sourcecode.c.h; path = "NSMutableArray+GLFoundationGuardian.h"; sourceTree = "<group>"; };
		569E3B3D20590D3F00F4096C /* NSString+GLFoundationGuardian.h */ = {isa = PBXFileReference; fileEncoding = 4; lastKnownFileType = sourcecode.c.h; path = "NSString+GLFoundationGuardian.h"; sourceTree = "<group>"; };
		569E3B3E20590D3F00F4096C /* NSArray+GLFoundationGuardian.h */ = {isa = PBXFileReference; fileEncoding = 4; lastKnownFileType = sourcecode.c.h; path = "NSArray+GLFoundationGuardian.h"; sourceTree = "<group>"; };
		569E3B3F20590D3F00F4096C /* NSMutableDictionary+GLFoundationGuardian.h */ = {isa = PBXFileReference; fileEncoding = 4; lastKnownFileType = sourcecode.c.h; path = "NSMutableDictionary+GLFoundationGuardian.h"; sourceTree = "<group>"; };
		569E3B4020590D3F00F4096C /* GLFoundationGuardian.h */ = {isa = PBXFileReference; fileEncoding = 4; lastKnownFileType = sourcecode.c.h; path = GLFoundationGuardian.h; sourceTree = "<group>"; };
		569E3B4120590D3F00F4096C /* NSObject+GLFoundationGuardian.m */ = {isa = PBXFileReference; fileEncoding = 4; lastKnownFileType = sourcecode.c.objc; path = "NSObject+GLFoundationGuardian.m"; sourceTree = "<group>"; };
		569E3B4220590D3F00F4096C /* NSMutableString+GLFoundationGuardian.m */ = {isa = PBXFileReference; fileEncoding = 4; lastKnownFileType = sourcecode.c.objc; path = "NSMutableString+GLFoundationGuardian.m"; sourceTree = "<group>"; };
/* End PBXFileReference section */

/* Begin PBXFrameworksBuildPhase section */
		569E3ADC205801DA00F4096C /* Frameworks */ = {
			isa = PBXFrameworksBuildPhase;
			buildActionMask = 2147483647;
			files = (
			);
			runOnlyForDeploymentPostprocessing = 0;
		};
		569E3AF4205801DA00F4096C /* Frameworks */ = {
			isa = PBXFrameworksBuildPhase;
			buildActionMask = 2147483647;
			files = (
			);
			runOnlyForDeploymentPostprocessing = 0;
		};
		569E3AFF205801DA00F4096C /* Frameworks */ = {
			isa = PBXFrameworksBuildPhase;
			buildActionMask = 2147483647;
			files = (
			);
			runOnlyForDeploymentPostprocessing = 0;
		};
/* End PBXFrameworksBuildPhase section */

/* Begin PBXGroup section */
		569E3AD6205801D900F4096C = {
			isa = PBXGroup;
			children = (
				569E3B3320590D3F00F4096C /* FoundationGuardian */,
				569E3AE1205801DA00F4096C /* GLFoundationGuardian */,
				569E3AFA205801DA00F4096C /* GLFoundationGuardianTests */,
				569E3B05205801DA00F4096C /* GLFoundationGuardianUITests */,
				569E3AE0205801DA00F4096C /* Products */,
			);
			sourceTree = "<group>";
		};
		569E3AE0205801DA00F4096C /* Products */ = {
			isa = PBXGroup;
			children = (
				569E3ADF205801DA00F4096C /* GLFoundationGuardian.app */,
				569E3AF7205801DA00F4096C /* GLFoundationGuardianTests.xctest */,
				569E3B02205801DA00F4096C /* GLFoundationGuardianUITests.xctest */,
			);
			name = Products;
			sourceTree = "<group>";
		};
		569E3AE1205801DA00F4096C /* GLFoundationGuardian */ = {
			isa = PBXGroup;
			children = (
				569E3AE2205801DA00F4096C /* AppDelegate.h */,
				569E3AE3205801DA00F4096C /* AppDelegate.m */,
				569E3AE5205801DA00F4096C /* ViewController.h */,
				569E3AE6205801DA00F4096C /* ViewController.m */,
				569E3AEB205801DA00F4096C /* Assets.xcassets */,
				569E3AED205801DA00F4096C /* LaunchScreen.storyboard */,
				569E3AF0205801DA00F4096C /* Info.plist */,
				569E3AF1205801DA00F4096C /* main.m */,
			);
			path = GLFoundationGuardian;
			sourceTree = "<group>";
		};
		569E3AFA205801DA00F4096C /* GLFoundationGuardianTests */ = {
			isa = PBXGroup;
			children = (
				569E3AFB205801DA00F4096C /* GLFoundationGuardianTests.m */,
				569E3AFD205801DA00F4096C /* Info.plist */,
			);
			path = GLFoundationGuardianTests;
			sourceTree = "<group>";
		};
		569E3B05205801DA00F4096C /* GLFoundationGuardianUITests */ = {
			isa = PBXGroup;
			children = (
				569E3B06205801DA00F4096C /* GLFoundationGuardianUITests.m */,
				569E3B08205801DA00F4096C /* Info.plist */,
			);
			path = GLFoundationGuardianUITests;
			sourceTree = "<group>";
		};
		569E3B3320590D3F00F4096C /* FoundationGuardian */ = {
			isa = PBXGroup;
			children = (
				569E3B4020590D3F00F4096C /* GLFoundationGuardian.h */,
				569E3B3920590D3F00F4096C /* NSObject+GLFoundationGuardian.h */,
				569E3B4120590D3F00F4096C /* NSObject+GLFoundationGuardian.m */,
				569E3B3D20590D3F00F4096C /* NSString+GLFoundationGuardian.h */,
				569E3B3620590D3F00F4096C /* NSString+GLFoundationGuardian.m */,
				569E3B3A20590D3F00F4096C /* NSMutableString+GLFoundationGuardian.h */,
				569E3B4220590D3F00F4096C /* NSMutableString+GLFoundationGuardian.m */,
				569E3B3E20590D3F00F4096C /* NSArray+GLFoundationGuardian.h */,
				569E3B3420590D3F00F4096C /* NSArray+GLFoundationGuardian.m */,
				569E3B3C20590D3F00F4096C /* NSMutableArray+GLFoundationGuardian.h */,
				569E3B3520590D3F00F4096C /* NSMutableArray+GLFoundationGuardian.m */,
				569E3B3B20590D3F00F4096C /* NSDictionary+GLFoundationGuardian.h */,
				569E3B3720590D3F00F4096C /* NSDictionary+GLFoundationGuardian.m */,
				569E3B3820590D3F00F4096C /* NSMutableDictionary+GLFoundationGuardian.m */,
				569E3B3F20590D3F00F4096C /* NSMutableDictionary+GLFoundationGuardian.h */,
			);
			path = FoundationGuardian;
			sourceTree = "<group>";
		};
/* End PBXGroup section */

/* Begin PBXNativeTarget section */
		569E3ADE205801DA00F4096C /* GLFoundationGuardian */ = {
			isa = PBXNativeTarget;
			buildConfigurationList = 569E3B0B205801DA00F4096C /* Build configuration list for PBXNativeTarget "GLFoundationGuardian" */;
			buildPhases = (
				569E3ADB205801DA00F4096C /* Sources */,
				569E3ADC205801DA00F4096C /* Frameworks */,
				569E3ADD205801DA00F4096C /* Resources */,
			);
			buildRules = (
			);
			dependencies = (
			);
			name = GLFoundationGuardian;
			productName = GLFoundationGuardian;
			productReference = 569E3ADF205801DA00F4096C /* GLFoundationGuardian.app */;
			productType = "com.apple.product-type.application";
		};
		569E3AF6205801DA00F4096C /* GLFoundationGuardianTests */ = {
			isa = PBXNativeTarget;
			buildConfigurationList = 569E3B0E205801DA00F4096C /* Build configuration list for PBXNativeTarget "GLFoundationGuardianTests" */;
			buildPhases = (
				569E3AF3205801DA00F4096C /* Sources */,
				569E3AF4205801DA00F4096C /* Frameworks */,
				569E3AF5205801DA00F4096C /* Resources */,
			);
			buildRules = (
			);
			dependencies = (
				569E3AF9205801DA00F4096C /* PBXTargetDependency */,
			);
			name = GLFoundationGuardianTests;
			productName = GLFoundationGuardianTests;
			productReference = 569E3AF7205801DA00F4096C /* GLFoundationGuardianTests.xctest */;
			productType = "com.apple.product-type.bundle.unit-test";
		};
		569E3B01205801DA00F4096C /* GLFoundationGuardianUITests */ = {
			isa = PBXNativeTarget;
			buildConfigurationList = 569E3B11205801DA00F4096C /* Build configuration list for PBXNativeTarget "GLFoundationGuardianUITests" */;
			buildPhases = (
				569E3AFE205801DA00F4096C /* Sources */,
				569E3AFF205801DA00F4096C /* Frameworks */,
				569E3B00205801DA00F4096C /* Resources */,
			);
			buildRules = (
			);
			dependencies = (
				569E3B04205801DA00F4096C /* PBXTargetDependency */,
			);
			name = GLFoundationGuardianUITests;
			productName = GLFoundationGuardianUITests;
			productReference = 569E3B02205801DA00F4096C /* GLFoundationGuardianUITests.xctest */;
			productType = "com.apple.product-type.bundle.ui-testing";
		};
/* End PBXNativeTarget section */

/* Begin PBXProject section */
		569E3AD7205801D900F4096C /* Project object */ = {
			isa = PBXProject;
			attributes = {
				LastUpgradeCheck = 0920;
				ORGANIZATIONNAME = Gaolin;
				TargetAttributes = {
					569E3ADE205801DA00F4096C = {
						CreatedOnToolsVersion = 9.2;
						ProvisioningStyle = Automatic;
					};
					569E3AF6205801DA00F4096C = {
						CreatedOnToolsVersion = 9.2;
						ProvisioningStyle = Automatic;
						TestTargetID = 569E3ADE205801DA00F4096C;
					};
					569E3B01205801DA00F4096C = {
						CreatedOnToolsVersion = 9.2;
						ProvisioningStyle = Automatic;
						TestTargetID = 569E3ADE205801DA00F4096C;
					};
				};
			};
			buildConfigurationList = 569E3ADA205801D900F4096C /* Build configuration list for PBXProject "GLFoundationGuardian" */;
			compatibilityVersion = "Xcode 8.0";
			developmentRegion = en;
			hasScannedForEncodings = 0;
			knownRegions = (
				en,
				Base,
			);
			mainGroup = 569E3AD6205801D900F4096C;
			productRefGroup = 569E3AE0205801DA00F4096C /* Products */;
			projectDirPath = "";
			projectRoot = "";
			targets = (
				569E3ADE205801DA00F4096C /* GLFoundationGuardian */,
				569E3AF6205801DA00F4096C /* GLFoundationGuardianTests */,
				569E3B01205801DA00F4096C /* GLFoundationGuardianUITests */,
			);
		};
/* End PBXProject section */

/* Begin PBXResourcesBuildPhase section */
		569E3ADD205801DA00F4096C /* Resources */ = {
			isa = PBXResourcesBuildPhase;
			buildActionMask = 2147483647;
			files = (
				569E3AEF205801DA00F4096C /* LaunchScreen.storyboard in Resources */,
				569E3AEC205801DA00F4096C /* Assets.xcassets in Resources */,
			);
			runOnlyForDeploymentPostprocessing = 0;
		};
		569E3AF5205801DA00F4096C /* Resources */ = {
			isa = PBXResourcesBuildPhase;
			buildActionMask = 2147483647;
			files = (
			);
			runOnlyForDeploymentPostprocessing = 0;
		};
		569E3B00205801DA00F4096C /* Resources */ = {
			isa = PBXResourcesBuildPhase;
			buildActionMask = 2147483647;
			files = (
			);
			runOnlyForDeploymentPostprocessing = 0;
		};
/* End PBXResourcesBuildPhase section */

/* Begin PBXSourcesBuildPhase section */
		569E3ADB205801DA00F4096C /* Sources */ = {
			isa = PBXSourcesBuildPhase;
			buildActionMask = 2147483647;
			files = (
				569E3B4520590D3F00F4096C /* NSString+GLFoundationGuardian.m in Sources */,
				569E3B4620590D3F00F4096C /* NSDictionary+GLFoundationGuardian.m in Sources */,
				569E3AE7205801DA00F4096C /* ViewController.m in Sources */,
				569E3B4320590D3F00F4096C /* NSArray+GLFoundationGuardian.m in Sources */,
				569E3AF2205801DA00F4096C /* main.m in Sources */,
				569E3B4820590D3F00F4096C /* NSObject+GLFoundationGuardian.m in Sources */,
				569E3AE4205801DA00F4096C /* AppDelegate.m in Sources */,
				569E3B4720590D3F00F4096C /* NSMutableDictionary+GLFoundationGuardian.m in Sources */,
				569E3B4420590D3F00F4096C /* NSMutableArray+GLFoundationGuardian.m in Sources */,
				569E3B4920590D3F00F4096C /* NSMutableString+GLFoundationGuardian.m in Sources */,
			);
			runOnlyForDeploymentPostprocessing = 0;
		};
		569E3AF3205801DA00F4096C /* Sources */ = {
			isa = PBXSourcesBuildPhase;
			buildActionMask = 2147483647;
			files = (
				569E3AFC205801DA00F4096C /* GLFoundationGuardianTests.m in Sources */,
			);
			runOnlyForDeploymentPostprocessing = 0;
		};
		569E3AFE205801DA00F4096C /* Sources */ = {
			isa = PBXSourcesBuildPhase;
			buildActionMask = 2147483647;
			files = (
				569E3B07205801DA00F4096C /* GLFoundationGuardianUITests.m in Sources */,
			);
			runOnlyForDeploymentPostprocessing = 0;
		};
/* End PBXSourcesBuildPhase section */

/* Begin PBXTargetDependency section */
		569E3AF9205801DA00F4096C /* PBXTargetDependency */ = {
			isa = PBXTargetDependency;
			target = 569E3ADE205801DA00F4096C /* GLFoundationGuardian */;
			targetProxy = 569E3AF8205801DA00F4096C /* PBXContainerItemProxy */;
		};
		569E3B04205801DA00F4096C /* PBXTargetDependency */ = {
			isa = PBXTargetDependency;
			target = 569E3ADE205801DA00F4096C /* GLFoundationGuardian */;
			targetProxy = 569E3B03205801DA00F4096C /* PBXContainerItemProxy */;
		};
/* End PBXTargetDependency section */

/* Begin PBXVariantGroup section */
		569E3AED205801DA00F4096C /* LaunchScreen.storyboard */ = {
			isa = PBXVariantGroup;
			children = (
				569E3AEE205801DA00F4096C /* Base */,
			);
			name = LaunchScreen.storyboard;
			sourceTree = "<group>";
		};
/* End PBXVariantGroup section */

/* Begin XCBuildConfiguration section */
		569E3B09205801DA00F4096C /* Debug */ = {
			isa = XCBuildConfiguration;
			buildSettings = {
				ALWAYS_SEARCH_USER_PATHS = NO;
				CLANG_ANALYZER_NONNULL = YES;
				CLANG_ANALYZER_NUMBER_OBJECT_CONVERSION = YES_AGGRESSIVE;
				CLANG_CXX_LANGUAGE_STANDARD = "gnu++14";
				CLANG_CXX_LIBRARY = "libc++";
				CLANG_ENABLE_MODULES = YES;
				CLANG_ENABLE_OBJC_ARC = YES;
				CLANG_WARN_BLOCK_CAPTURE_AUTORELEASING = YES;
				CLANG_WARN_BOOL_CONVERSION = YES;
				CLANG_WARN_COMMA = YES;
				CLANG_WARN_CONSTANT_CONVERSION = YES;
				CLANG_WARN_DIRECT_OBJC_ISA_USAGE = YES_ERROR;
				CLANG_WARN_DOCUMENTATION_COMMENTS = YES;
				CLANG_WARN_EMPTY_BODY = YES;
				CLANG_WARN_ENUM_CONVERSION = YES;
				CLANG_WARN_INFINITE_RECURSION = YES;
				CLANG_WARN_INT_CONVERSION = YES;
				CLANG_WARN_NON_LITERAL_NULL_CONVERSION = YES;
				CLANG_WARN_OBJC_LITERAL_CONVERSION = YES;
				CLANG_WARN_OBJC_ROOT_CLASS = YES_ERROR;
				CLANG_WARN_RANGE_LOOP_ANALYSIS = YES;
				CLANG_WARN_STRICT_PROTOTYPES = YES;
				CLANG_WARN_SUSPICIOUS_MOVE = YES;
				CLANG_WARN_UNGUARDED_AVAILABILITY = YES_AGGRESSIVE;
				CLANG_WARN_UNREACHABLE_CODE = YES;
				CLANG_WARN__DUPLICATE_METHOD_MATCH = YES;
				CODE_SIGN_IDENTITY = "iPhone Developer";
				COPY_PHASE_STRIP = NO;
				DEBUG_INFORMATION_FORMAT = dwarf;
				ENABLE_STRICT_OBJC_MSGSEND = YES;
				ENABLE_TESTABILITY = YES;
				GCC_C_LANGUAGE_STANDARD = gnu11;
				GCC_DYNAMIC_NO_PIC = NO;
				GCC_NO_COMMON_BLOCKS = YES;
				GCC_OPTIMIZATION_LEVEL = 0;
				GCC_PREPROCESSOR_DEFINITIONS = (
					"DEBUG=1",
					"$(inherited)",
				);
				GCC_WARN_64_TO_32_BIT_CONVERSION = YES;
				GCC_WARN_ABOUT_RETURN_TYPE = YES_ERROR;
				GCC_WARN_UNDECLARED_SELECTOR = YES;
				GCC_WARN_UNINITIALIZED_AUTOS = YES_AGGRESSIVE;
				GCC_WARN_UNUSED_FUNCTION = YES;
				GCC_WARN_UNUSED_VARIABLE = YES;
				IPHONEOS_DEPLOYMENT_TARGET = 8.0;
				MTL_ENABLE_DEBUG_INFO = YES;
				ONLY_ACTIVE_ARCH = YES;
				SDKROOT = iphoneos;
			};
			name = Debug;
		};
		569E3B0A205801DA00F4096C /* Release */ = {
			isa = XCBuildConfiguration;
			buildSettings = {
				ALWAYS_SEARCH_USER_PATHS = NO;
				CLANG_ANALYZER_NONNULL = YES;
				CLANG_ANALYZER_NUMBER_OBJECT_CONVERSION = YES_AGGRESSIVE;
				CLANG_CXX_LANGUAGE_STANDARD = "gnu++14";
				CLANG_CXX_LIBRARY = "libc++";
				CLANG_ENABLE_MODULES = YES;
				CLANG_ENABLE_OBJC_ARC = YES;
				CLANG_WARN_BLOCK_CAPTURE_AUTORELEASING = YES;
				CLANG_WARN_BOOL_CONVERSION = YES;
				CLANG_WARN_COMMA = YES;
				CLANG_WARN_CONSTANT_CONVERSION = YES;
				CLANG_WARN_DIRECT_OBJC_ISA_USAGE = YES_ERROR;
				CLANG_WARN_DOCUMENTATION_COMMENTS = YES;
				CLANG_WARN_EMPTY_BODY = YES;
				CLANG_WARN_ENUM_CONVERSION = YES;
				CLANG_WARN_INFINITE_RECURSION = YES;
				CLANG_WARN_INT_CONVERSION = YES;
				CLANG_WARN_NON_LITERAL_NULL_CONVERSION = YES;
				CLANG_WARN_OBJC_LITERAL_CONVERSION = YES;
				CLANG_WARN_OBJC_ROOT_CLASS = YES_ERROR;
				CLANG_WARN_RANGE_LOOP_ANALYSIS = YES;
				CLANG_WARN_STRICT_PROTOTYPES = YES;
				CLANG_WARN_SUSPICIOUS_MOVE = YES;
				CLANG_WARN_UNGUARDED_AVAILABILITY = YES_AGGRESSIVE;
				CLANG_WARN_UNREACHABLE_CODE = YES;
				CLANG_WARN__DUPLICATE_METHOD_MATCH = YES;
				CODE_SIGN_IDENTITY = "iPhone Developer";
				COPY_PHASE_STRIP = NO;
				DEBUG_INFORMATION_FORMAT = "dwarf-with-dsym";
				ENABLE_NS_ASSERTIONS = NO;
				ENABLE_STRICT_OBJC_MSGSEND = YES;
				GCC_C_LANGUAGE_STANDARD = gnu11;
				GCC_NO_COMMON_BLOCKS = YES;
				GCC_WARN_64_TO_32_BIT_CONVERSION = YES;
				GCC_WARN_ABOUT_RETURN_TYPE = YES_ERROR;
				GCC_WARN_UNDECLARED_SELECTOR = YES;
				GCC_WARN_UNINITIALIZED_AUTOS = YES_AGGRESSIVE;
				GCC_WARN_UNUSED_FUNCTION = YES;
				GCC_WARN_UNUSED_VARIABLE = YES;
				IPHONEOS_DEPLOYMENT_TARGET = 8.0;
				MTL_ENABLE_DEBUG_INFO = NO;
				SDKROOT = iphoneos;
				VALIDATE_PRODUCT = YES;
			};
			name = Release;
		};
		569E3B0C205801DA00F4096C /* Debug */ = {
			isa = XCBuildConfiguration;
			buildSettings = {
				ASSETCATALOG_COMPILER_APPICON_NAME = AppIcon;
				CODE_SIGN_STYLE = Automatic;
				INFOPLIST_FILE = GLFoundationGuardian/Info.plist;
				LD_RUNPATH_SEARCH_PATHS = "$(inherited) @executable_path/Frameworks";
				PRODUCT_BUNDLE_IDENTIFIER = MrShang110.GLFoundationGuardian;
				PRODUCT_NAME = "$(TARGET_NAME)";
				TARGETED_DEVICE_FAMILY = 1;
			};
			name = Debug;
		};
		569E3B0D205801DA00F4096C /* Release */ = {
			isa = XCBuildConfiguration;
			buildSettings = {
				ASSETCATALOG_COMPILER_APPICON_NAME = AppIcon;
				CODE_SIGN_STYLE = Automatic;
				INFOPLIST_FILE = GLFoundationGuardian/Info.plist;
				LD_RUNPATH_SEARCH_PATHS = "$(inherited) @executable_path/Frameworks";
				PRODUCT_BUNDLE_IDENTIFIER = MrShang110.GLFoundationGuardian;
				PRODUCT_NAME = "$(TARGET_NAME)";
				TARGETED_DEVICE_FAMILY = 1;
			};
			name = Release;
		};
		569E3B0F205801DA00F4096C /* Debug */ = {
			isa = XCBuildConfiguration;
			buildSettings = {
				BUNDLE_LOADER = "$(TEST_HOST)";
				CODE_SIGN_STYLE = Automatic;
				INFOPLIST_FILE = GLFoundationGuardianTests/Info.plist;
				LD_RUNPATH_SEARCH_PATHS = "$(inherited) @executable_path/Frameworks @loader_path/Frameworks";
				PRODUCT_BUNDLE_IDENTIFIER = MrShang110.GLFoundationGuardianTests;
				PRODUCT_NAME = "$(TARGET_NAME)";
				TARGETED_DEVICE_FAMILY = "1,2";
				TEST_HOST = "$(BUILT_PRODUCTS_DIR)/GLFoundationGuardian.app/GLFoundationGuardian";
			};
			name = Debug;
		};
		569E3B10205801DA00F4096C /* Release */ = {
			isa = XCBuildConfiguration;
			buildSettings = {
				BUNDLE_LOADER = "$(TEST_HOST)";
				CODE_SIGN_STYLE = Automatic;
				INFOPLIST_FILE = GLFoundationGuardianTests/Info.plist;
				LD_RUNPATH_SEARCH_PATHS = "$(inherited) @executable_path/Frameworks @loader_path/Frameworks";
				PRODUCT_BUNDLE_IDENTIFIER = MrShang110.GLFoundationGuardianTests;
				PRODUCT_NAME = "$(TARGET_NAME)";
				TARGETED_DEVICE_FAMILY = "1,2";
				TEST_HOST = "$(BUILT_PRODUCTS_DIR)/GLFoundationGuardian.app/GLFoundationGuardian";
			};
			name = Release;
		};
		569E3B12205801DA00F4096C /* Debug */ = {
			isa = XCBuildConfiguration;
			buildSettings = {
				CODE_SIGN_STYLE = Automatic;
				INFOPLIST_FILE = GLFoundationGuardianUITests/Info.plist;
				LD_RUNPATH_SEARCH_PATHS = "$(inherited) @executable_path/Frameworks @loader_path/Frameworks";
				PRODUCT_BUNDLE_IDENTIFIER = MrShang110.GLFoundationGuardianUITests;
				PRODUCT_NAME = "$(TARGET_NAME)";
				TARGETED_DEVICE_FAMILY = "1,2";
				TEST_TARGET_NAME = GLFoundationGuardian;
			};
			name = Debug;
		};
		569E3B13205801DA00F4096C /* Release */ = {
			isa = XCBuildConfiguration;
			buildSettings = {
				CODE_SIGN_STYLE = Automatic;
				INFOPLIST_FILE = GLFoundationGuardianUITests/Info.plist;
				LD_RUNPATH_SEARCH_PATHS = "$(inherited) @executable_path/Frameworks @loader_path/Frameworks";
				PRODUCT_BUNDLE_IDENTIFIER = MrShang110.GLFoundationGuardianUITests;
				PRODUCT_NAME = "$(TARGET_NAME)";
				TARGETED_DEVICE_FAMILY = "1,2";
				TEST_TARGET_NAME = GLFoundationGuardian;
			};
			name = Release;
		};
/* End XCBuildConfiguration section */

/* Begin XCConfigurationList section */
		569E3ADA205801D900F4096C /* Build configuration list for PBXProject "GLFoundationGuardian" */ = {
			isa = XCConfigurationList;
			buildConfigurations = (
				569E3B09205801DA00F4096C /* Debug */,
				569E3B0A205801DA00F4096C /* Release */,
			);
			defaultConfigurationIsVisible = 0;
			defaultConfigurationName = Release;
		};
		569E3B0B205801DA00F4096C /* Build configuration list for PBXNativeTarget "GLFoundationGuardian" */ = {
			isa = XCConfigurationList;
			buildConfigurations = (
				569E3B0C205801DA00F4096C /* Debug */,
				569E3B0D205801DA00F4096C /* Release */,
			);
			defaultConfigurationIsVisible = 0;
			defaultConfigurationName = Release;
		};
		569E3B0E205801DA00F4096C /* Build configuration list for PBXNativeTarget "GLFoundationGuardianTests" */ = {
			isa = XCConfigurationList;
			buildConfigurations = (
				569E3B0F205801DA00F4096C /* Debug */,
				569E3B10205801DA00F4096C /* Release */,
			);
			defaultConfigurationIsVisible = 0;
			defaultConfigurationName = Release;
		};
		569E3B11205801DA00F4096C /* Build configuration list for PBXNativeTarget "GLFoundationGuardianUITests" */ = {
			isa = XCConfigurationList;
			buildConfigurations = (
				569E3B12205801DA00F4096C /* Debug */,
				569E3B13205801DA00F4096C /* Release */,
			);
			defaultConfigurationIsVisible = 0;
			defaultConfigurationName = Release;
		};
/* End XCConfigurationList section */
	};
	rootObject = 569E3AD7205801D900F4096C /* Project object */;
}
